// !$*UTF8*$!
{
	archiveVersion = 1;
	classes = {
	};
	objectVersion = 55;
	objects = {

/* Begin PBXBuildFile section */
		9F2E4E58286B6C40004F9EC9 /* FirebaseAnalytics in Frameworks */ = {isa = PBXBuildFile; productRef = 9F2E4E57286B6C40004F9EC9 /* FirebaseAnalytics */; };
		9F2E4E5A286B6C40004F9EC9 /* FirebaseAnalyticsOnDeviceConversion in Frameworks */ = {isa = PBXBuildFile; productRef = 9F2E4E59286B6C40004F9EC9 /* FirebaseAnalyticsOnDeviceConversion */; };
		9F2E4E5C286B6C40004F9EC9 /* FirebaseAnalyticsSwift in Frameworks */ = {isa = PBXBuildFile; productRef = 9F2E4E5B286B6C40004F9EC9 /* FirebaseAnalyticsSwift */; };
		9F2E4E5E286B6C40004F9EC9 /* FirebaseAnalyticsWithoutAdIdSupport in Frameworks */ = {isa = PBXBuildFile; productRef = 9F2E4E5D286B6C40004F9EC9 /* FirebaseAnalyticsWithoutAdIdSupport */; };
		9F2E4E60286B6C40004F9EC9 /* FirebaseAppCheck in Frameworks */ = {isa = PBXBuildFile; productRef = 9F2E4E5F286B6C40004F9EC9 /* FirebaseAppCheck */; };
		9F2E4E62286B6C40004F9EC9 /* FirebaseAppDistribution-Beta in Frameworks */ = {isa = PBXBuildFile; productRef = 9F2E4E61286B6C40004F9EC9 /* FirebaseAppDistribution-Beta */; };
		9F2E4E64286B6C40004F9EC9 /* FirebaseAuth in Frameworks */ = {isa = PBXBuildFile; productRef = 9F2E4E63286B6C40004F9EC9 /* FirebaseAuth */; };
		9F2E4E66286B6C40004F9EC9 /* FirebaseAuthCombine-Community in Frameworks */ = {isa = PBXBuildFile; productRef = 9F2E4E65286B6C40004F9EC9 /* FirebaseAuthCombine-Community */; };
		9F2E4E68286B6C40004F9EC9 /* FirebaseCrashlytics in Frameworks */ = {isa = PBXBuildFile; productRef = 9F2E4E67286B6C40004F9EC9 /* FirebaseCrashlytics */; };
		9F2E4E6A286B6C40004F9EC9 /* FirebaseDatabase in Frameworks */ = {isa = PBXBuildFile; productRef = 9F2E4E69286B6C40004F9EC9 /* FirebaseDatabase */; };
		9F2E4E6C286B6C40004F9EC9 /* FirebaseDatabaseSwift in Frameworks */ = {isa = PBXBuildFile; productRef = 9F2E4E6B286B6C40004F9EC9 /* FirebaseDatabaseSwift */; };
		9F2E4E6E286B6C40004F9EC9 /* FirebaseDynamicLinks in Frameworks */ = {isa = PBXBuildFile; productRef = 9F2E4E6D286B6C40004F9EC9 /* FirebaseDynamicLinks */; };
		9F2E4E70286B6C40004F9EC9 /* FirebaseFirestore in Frameworks */ = {isa = PBXBuildFile; productRef = 9F2E4E6F286B6C40004F9EC9 /* FirebaseFirestore */; };
		9F2E4E72286B6C40004F9EC9 /* FirebaseFirestoreCombine-Community in Frameworks */ = {isa = PBXBuildFile; productRef = 9F2E4E71286B6C40004F9EC9 /* FirebaseFirestoreCombine-Community */; };
		9F2E4E74286B6C40004F9EC9 /* FirebaseFirestoreSwift in Frameworks */ = {isa = PBXBuildFile; productRef = 9F2E4E73286B6C40004F9EC9 /* FirebaseFirestoreSwift */; };
		9F2E4E76286B6C40004F9EC9 /* FirebaseFunctions in Frameworks */ = {isa = PBXBuildFile; productRef = 9F2E4E75286B6C40004F9EC9 /* FirebaseFunctions */; };
		9F2E4E78286B6C40004F9EC9 /* FirebaseFunctionsCombine-Community in Frameworks */ = {isa = PBXBuildFile; productRef = 9F2E4E77286B6C40004F9EC9 /* FirebaseFunctionsCombine-Community */; };
		9F2E4E7A286B6C40004F9EC9 /* FirebaseInAppMessaging-Beta in Frameworks */ = {isa = PBXBuildFile; productRef = 9F2E4E79286B6C40004F9EC9 /* FirebaseInAppMessaging-Beta */; };
		9F2E4E7C286B6C40004F9EC9 /* FirebaseInAppMessagingSwift-Beta in Frameworks */ = {isa = PBXBuildFile; productRef = 9F2E4E7B286B6C40004F9EC9 /* FirebaseInAppMessagingSwift-Beta */; };
		9F2E4E7E286B6C40004F9EC9 /* FirebaseInstallations in Frameworks */ = {isa = PBXBuildFile; productRef = 9F2E4E7D286B6C40004F9EC9 /* FirebaseInstallations */; };
		9F2E4E80286B6C40004F9EC9 /* FirebaseMLModelDownloader in Frameworks */ = {isa = PBXBuildFile; productRef = 9F2E4E7F286B6C40004F9EC9 /* FirebaseMLModelDownloader */; };
		9F2E4E82286B6C40004F9EC9 /* FirebaseMessaging in Frameworks */ = {isa = PBXBuildFile; productRef = 9F2E4E81286B6C40004F9EC9 /* FirebaseMessaging */; };
		9F2E4E84286B6C40004F9EC9 /* FirebasePerformance in Frameworks */ = {isa = PBXBuildFile; productRef = 9F2E4E83286B6C40004F9EC9 /* FirebasePerformance */; };
		9F2E4E86286B6C40004F9EC9 /* FirebaseRemoteConfig in Frameworks */ = {isa = PBXBuildFile; productRef = 9F2E4E85286B6C40004F9EC9 /* FirebaseRemoteConfig */; };
		9F2E4E88286B6C40004F9EC9 /* FirebaseRemoteConfigSwift in Frameworks */ = {isa = PBXBuildFile; productRef = 9F2E4E87286B6C40004F9EC9 /* FirebaseRemoteConfigSwift */; };
		9F2E4E8A286B6C40004F9EC9 /* FirebaseStorage in Frameworks */ = {isa = PBXBuildFile; productRef = 9F2E4E89286B6C40004F9EC9 /* FirebaseStorage */; };
		9F2E4E8C286B6C40004F9EC9 /* FirebaseStorageCombine-Community in Frameworks */ = {isa = PBXBuildFile; productRef = 9F2E4E8B286B6C40004F9EC9 /* FirebaseStorageCombine-Community */; };
		9FE75E0C286B61B600F34682 /* AppDelegate.swift in Sources */ = {isa = PBXBuildFile; fileRef = 9FE75E0B286B61B600F34682 /* AppDelegate.swift */; };
		9FE75E0E286B61B600F34682 /* SceneDelegate.swift in Sources */ = {isa = PBXBuildFile; fileRef = 9FE75E0D286B61B600F34682 /* SceneDelegate.swift */; };
		9FE75E10286B61B600F34682 /* ViewController.swift in Sources */ = {isa = PBXBuildFile; fileRef = 9FE75E0F286B61B600F34682 /* ViewController.swift */; };
		9FE75E13286B61B600F34682 /* Main.storyboard in Resources */ = {isa = PBXBuildFile; fileRef = 9FE75E11286B61B600F34682 /* Main.storyboard */; };
		9FE75E16286B61B600F34682 /* EnquraCase.xcdatamodeld in Sources */ = {isa = PBXBuildFile; fileRef = 9FE75E14286B61B600F34682 /* EnquraCase.xcdatamodeld */; };
		9FE75E18286B61B900F34682 /* Assets.xcassets in Resources */ = {isa = PBXBuildFile; fileRef = 9FE75E17286B61B900F34682 /* Assets.xcassets */; };
		9FE75E1B286B61B900F34682 /* LaunchScreen.storyboard in Resources */ = {isa = PBXBuildFile; fileRef = 9FE75E19286B61B900F34682 /* LaunchScreen.storyboard */; };
		9FE75E26286B61B900F34682 /* EnquraCaseTests.swift in Sources */ = {isa = PBXBuildFile; fileRef = 9FE75E25286B61B900F34682 /* EnquraCaseTests.swift */; };
		9FE75E30286B61B900F34682 /* EnquraCaseUITests.swift in Sources */ = {isa = PBXBuildFile; fileRef = 9FE75E2F286B61B900F34682 /* EnquraCaseUITests.swift */; };
		9FE75E32286B61B900F34682 /* EnquraCaseUITestsLaunchTests.swift in Sources */ = {isa = PBXBuildFile; fileRef = 9FE75E31286B61B900F34682 /* EnquraCaseUITestsLaunchTests.swift */; };
		9FE75E40286B6A6F00F34682 /* CombineMoya in Frameworks */ = {isa = PBXBuildFile; productRef = 9FE75E3F286B6A6F00F34682 /* CombineMoya */; };
		9FE75E42286B6A6F00F34682 /* Moya in Frameworks */ = {isa = PBXBuildFile; productRef = 9FE75E41286B6A6F00F34682 /* Moya */; };
		9FE75E44286B6A6F00F34682 /* ReactiveMoya in Frameworks */ = {isa = PBXBuildFile; productRef = 9FE75E43286B6A6F00F34682 /* ReactiveMoya */; };
		9FE75E46286B6A6F00F34682 /* RxMoya in Frameworks */ = {isa = PBXBuildFile; productRef = 9FE75E45286B6A6F00F34682 /* RxMoya */; };
		9FE75E49286B6AD400F34682 /* RxCocoa in Frameworks */ = {isa = PBXBuildFile; productRef = 9FE75E48286B6AD400F34682 /* RxCocoa */; };
		9FE75E4B286B6AD400F34682 /* RxRelay in Frameworks */ = {isa = PBXBuildFile; productRef = 9FE75E4A286B6AD400F34682 /* RxRelay */; };
		9FE75E4D286B6AD400F34682 /* RxSwift in Frameworks */ = {isa = PBXBuildFile; productRef = 9FE75E4C286B6AD400F34682 /* RxSwift */; };
/* End PBXBuildFile section */

/* Begin PBXContainerItemProxy section */
		9FE75E22286B61B900F34682 /* PBXContainerItemProxy */ = {
			isa = PBXContainerItemProxy;
			containerPortal = 9FE75E00286B61B600F34682 /* Project object */;
			proxyType = 1;
			remoteGlobalIDString = 9FE75E07286B61B600F34682;
			remoteInfo = EnquraCase;
		};
		9FE75E2C286B61B900F34682 /* PBXContainerItemProxy */ = {
			isa = PBXContainerItemProxy;
			containerPortal = 9FE75E00286B61B600F34682 /* Project object */;
			proxyType = 1;
			remoteGlobalIDString = 9FE75E07286B61B600F34682;
			remoteInfo = EnquraCase;
		};
/* End PBXContainerItemProxy section */

/* Begin PBXFileReference section */
		9FE75E08286B61B600F34682 /* EnquraCase.app */ = {isa = PBXFileReference; explicitFileType = wrapper.application; includeInIndex = 0; path = EnquraCase.app; sourceTree = BUILT_PRODUCTS_DIR; };
		9FE75E0B286B61B600F34682 /* AppDelegate.swift */ = {isa = PBXFileReference; lastKnownFileType = sourcecode.swift; path = AppDelegate.swift; sourceTree = "<group>"; };
		9FE75E0D286B61B600F34682 /* SceneDelegate.swift */ = {isa = PBXFileReference; lastKnownFileType = sourcecode.swift; path = SceneDelegate.swift; sourceTree = "<group>"; };
		9FE75E0F286B61B600F34682 /* ViewController.swift */ = {isa = PBXFileReference; lastKnownFileType = sourcecode.swift; path = ViewController.swift; sourceTree = "<group>"; };
		9FE75E12286B61B600F34682 /* Base */ = {isa = PBXFileReference; lastKnownFileType = file.storyboard; name = Base; path = Base.lproj/Main.storyboard; sourceTree = "<group>"; };
		9FE75E15286B61B600F34682 /* EnquraCase.xcdatamodel */ = {isa = PBXFileReference; lastKnownFileType = wrapper.xcdatamodel; path = EnquraCase.xcdatamodel; sourceTree = "<group>"; };
		9FE75E17286B61B900F34682 /* Assets.xcassets */ = {isa = PBXFileReference; lastKnownFileType = folder.assetcatalog; path = Assets.xcassets; sourceTree = "<group>"; };
		9FE75E1A286B61B900F34682 /* Base */ = {isa = PBXFileReference; lastKnownFileType = file.storyboard; name = Base; path = Base.lproj/LaunchScreen.storyboard; sourceTree = "<group>"; };
		9FE75E1C286B61B900F34682 /* Info.plist */ = {isa = PBXFileReference; lastKnownFileType = text.plist.xml; path = Info.plist; sourceTree = "<group>"; };
		9FE75E21286B61B900F34682 /* EnquraCaseTests.xctest */ = {isa = PBXFileReference; explicitFileType = wrapper.cfbundle; includeInIndex = 0; path = EnquraCaseTests.xctest; sourceTree = BUILT_PRODUCTS_DIR; };
		9FE75E25286B61B900F34682 /* EnquraCaseTests.swift */ = {isa = PBXFileReference; lastKnownFileType = sourcecode.swift; path = EnquraCaseTests.swift; sourceTree = "<group>"; };
		9FE75E2B286B61B900F34682 /* EnquraCaseUITests.xctest */ = {isa = PBXFileReference; explicitFileType = wrapper.cfbundle; includeInIndex = 0; path = EnquraCaseUITests.xctest; sourceTree = BUILT_PRODUCTS_DIR; };
		9FE75E2F286B61B900F34682 /* EnquraCaseUITests.swift */ = {isa = PBXFileReference; lastKnownFileType = sourcecode.swift; path = EnquraCaseUITests.swift; sourceTree = "<group>"; };
		9FE75E31286B61B900F34682 /* EnquraCaseUITestsLaunchTests.swift */ = {isa = PBXFileReference; lastKnownFileType = sourcecode.swift; path = EnquraCaseUITestsLaunchTests.swift; sourceTree = "<group>"; };
/* End PBXFileReference section */

/* Begin PBXFrameworksBuildPhase section */
		9FE75E05286B61B600F34682 /* Frameworks */ = {
			isa = PBXFrameworksBuildPhase;
			buildActionMask = 2147483647;
			files = (
				9FE75E4B286B6AD400F34682 /* RxRelay in Frameworks */,
				9FE75E42286B6A6F00F34682 /* Moya in Frameworks */,
				9F2E4E84286B6C40004F9EC9 /* FirebasePerformance in Frameworks */,
				9F2E4E58286B6C40004F9EC9 /* FirebaseAnalytics in Frameworks */,
				9F2E4E7E286B6C40004F9EC9 /* FirebaseInstallations in Frameworks */,
				9F2E4E62286B6C40004F9EC9 /* FirebaseAppDistribution-Beta in Frameworks */,
				9F2E4E8C286B6C40004F9EC9 /* FirebaseStorageCombine-Community in Frameworks */,
				9F2E4E7A286B6C40004F9EC9 /* FirebaseInAppMessaging-Beta in Frameworks */,
				9F2E4E66286B6C40004F9EC9 /* FirebaseAuthCombine-Community in Frameworks */,
				9F2E4E8A286B6C40004F9EC9 /* FirebaseStorage in Frameworks */,
				9F2E4E74286B6C40004F9EC9 /* FirebaseFirestoreSwift in Frameworks */,
				9F2E4E88286B6C40004F9EC9 /* FirebaseRemoteConfigSwift in Frameworks */,
				9FE75E40286B6A6F00F34682 /* CombineMoya in Frameworks */,
				9F2E4E7C286B6C40004F9EC9 /* FirebaseInAppMessagingSwift-Beta in Frameworks */,
				9F2E4E72286B6C40004F9EC9 /* FirebaseFirestoreCombine-Community in Frameworks */,
				9F2E4E86286B6C40004F9EC9 /* FirebaseRemoteConfig in Frameworks */,
				9F2E4E64286B6C40004F9EC9 /* FirebaseAuth in Frameworks */,
				9F2E4E6A286B6C40004F9EC9 /* FirebaseDatabase in Frameworks */,
				9F2E4E60286B6C40004F9EC9 /* FirebaseAppCheck in Frameworks */,
				9F2E4E5E286B6C40004F9EC9 /* FirebaseAnalyticsWithoutAdIdSupport in Frameworks */,
				9F2E4E5C286B6C40004F9EC9 /* FirebaseAnalyticsSwift in Frameworks */,
				9F2E4E5A286B6C40004F9EC9 /* FirebaseAnalyticsOnDeviceConversion in Frameworks */,
				9F2E4E6E286B6C40004F9EC9 /* FirebaseDynamicLinks in Frameworks */,
				9F2E4E70286B6C40004F9EC9 /* FirebaseFirestore in Frameworks */,
				9F2E4E6C286B6C40004F9EC9 /* FirebaseDatabaseSwift in Frameworks */,
				9F2E4E76286B6C40004F9EC9 /* FirebaseFunctions in Frameworks */,
				9FE75E49286B6AD400F34682 /* RxCocoa in Frameworks */,
				9FE75E46286B6A6F00F34682 /* RxMoya in Frameworks */,
				9F2E4E68286B6C40004F9EC9 /* FirebaseCrashlytics in Frameworks */,
				9FE75E44286B6A6F00F34682 /* ReactiveMoya in Frameworks */,
				9FE75E4D286B6AD400F34682 /* RxSwift in Frameworks */,
				9F2E4E82286B6C40004F9EC9 /* FirebaseMessaging in Frameworks */,
				9F2E4E78286B6C40004F9EC9 /* FirebaseFunctionsCombine-Community in Frameworks */,
				9F2E4E80286B6C40004F9EC9 /* FirebaseMLModelDownloader in Frameworks */,
			);
			runOnlyForDeploymentPostprocessing = 0;
		};
		9FE75E1E286B61B900F34682 /* Frameworks */ = {
			isa = PBXFrameworksBuildPhase;
			buildActionMask = 2147483647;
			files = (
			);
			runOnlyForDeploymentPostprocessing = 0;
		};
		9FE75E28286B61B900F34682 /* Frameworks */ = {
			isa = PBXFrameworksBuildPhase;
			buildActionMask = 2147483647;
			files = (
			);
			runOnlyForDeploymentPostprocessing = 0;
		};
/* End PBXFrameworksBuildPhase section */

/* Begin PBXGroup section */
		9FE75DFF286B61B600F34682 = {
			isa = PBXGroup;
			children = (
				9FE75E0A286B61B600F34682 /* EnquraCase */,
				9FE75E24286B61B900F34682 /* EnquraCaseTests */,
				9FE75E2E286B61B900F34682 /* EnquraCaseUITests */,
				9FE75E09286B61B600F34682 /* Products */,
			);
			sourceTree = "<group>";
		};
		9FE75E09286B61B600F34682 /* Products */ = {
			isa = PBXGroup;
			children = (
				9FE75E08286B61B600F34682 /* EnquraCase.app */,
				9FE75E21286B61B900F34682 /* EnquraCaseTests.xctest */,
				9FE75E2B286B61B900F34682 /* EnquraCaseUITests.xctest */,
			);
			name = Products;
			sourceTree = "<group>";
		};
		9FE75E0A286B61B600F34682 /* EnquraCase */ = {
			isa = PBXGroup;
			children = (
				9FE75E0B286B61B600F34682 /* AppDelegate.swift */,
				9FE75E0D286B61B600F34682 /* SceneDelegate.swift */,
				9FE75E0F286B61B600F34682 /* ViewController.swift */,
				9FE75E11286B61B600F34682 /* Main.storyboard */,
				9FE75E17286B61B900F34682 /* Assets.xcassets */,
				9FE75E19286B61B900F34682 /* LaunchScreen.storyboard */,
				9FE75E1C286B61B900F34682 /* Info.plist */,
				9FE75E14286B61B600F34682 /* EnquraCase.xcdatamodeld */,
			);
			path = EnquraCase;
			sourceTree = "<group>";
		};
		9FE75E24286B61B900F34682 /* EnquraCaseTests */ = {
			isa = PBXGroup;
			children = (
				9FE75E25286B61B900F34682 /* EnquraCaseTests.swift */,
			);
			path = EnquraCaseTests;
			sourceTree = "<group>";
		};
		9FE75E2E286B61B900F34682 /* EnquraCaseUITests */ = {
			isa = PBXGroup;
			children = (
				9FE75E2F286B61B900F34682 /* EnquraCaseUITests.swift */,
				9FE75E31286B61B900F34682 /* EnquraCaseUITestsLaunchTests.swift */,
			);
			path = EnquraCaseUITests;
			sourceTree = "<group>";
		};
/* End PBXGroup section */

/* Begin PBXNativeTarget section */
		9FE75E07286B61B600F34682 /* EnquraCase */ = {
			isa = PBXNativeTarget;
			buildConfigurationList = 9FE75E35286B61B900F34682 /* Build configuration list for PBXNativeTarget "EnquraCase" */;
			buildPhases = (
				9FE75E04286B61B600F34682 /* Sources */,
				9FE75E05286B61B600F34682 /* Frameworks */,
				9FE75E06286B61B600F34682 /* Resources */,
			);
			buildRules = (
			);
			dependencies = (
			);
			name = EnquraCase;
			packageProductDependencies = (
				9FE75E3F286B6A6F00F34682 /* CombineMoya */,
				9FE75E41286B6A6F00F34682 /* Moya */,
				9FE75E43286B6A6F00F34682 /* ReactiveMoya */,
				9FE75E45286B6A6F00F34682 /* RxMoya */,
				9FE75E48286B6AD400F34682 /* RxCocoa */,
				9FE75E4A286B6AD400F34682 /* RxRelay */,
				9FE75E4C286B6AD400F34682 /* RxSwift */,
				9F2E4E57286B6C40004F9EC9 /* FirebaseAnalytics */,
				9F2E4E59286B6C40004F9EC9 /* FirebaseAnalyticsOnDeviceConversion */,
				9F2E4E5B286B6C40004F9EC9 /* FirebaseAnalyticsSwift */,
				9F2E4E5D286B6C40004F9EC9 /* FirebaseAnalyticsWithoutAdIdSupport */,
				9F2E4E5F286B6C40004F9EC9 /* FirebaseAppCheck */,
				9F2E4E61286B6C40004F9EC9 /* FirebaseAppDistribution-Beta */,
				9F2E4E63286B6C40004F9EC9 /* FirebaseAuth */,
				9F2E4E65286B6C40004F9EC9 /* FirebaseAuthCombine-Community */,
				9F2E4E67286B6C40004F9EC9 /* FirebaseCrashlytics */,
				9F2E4E69286B6C40004F9EC9 /* FirebaseDatabase */,
				9F2E4E6B286B6C40004F9EC9 /* FirebaseDatabaseSwift */,
				9F2E4E6D286B6C40004F9EC9 /* FirebaseDynamicLinks */,
				9F2E4E6F286B6C40004F9EC9 /* FirebaseFirestore */,
				9F2E4E71286B6C40004F9EC9 /* FirebaseFirestoreCombine-Community */,
				9F2E4E73286B6C40004F9EC9 /* FirebaseFirestoreSwift */,
				9F2E4E75286B6C40004F9EC9 /* FirebaseFunctions */,
				9F2E4E77286B6C40004F9EC9 /* FirebaseFunctionsCombine-Community */,
				9F2E4E79286B6C40004F9EC9 /* FirebaseInAppMessaging-Beta */,
				9F2E4E7B286B6C40004F9EC9 /* FirebaseInAppMessagingSwift-Beta */,
				9F2E4E7D286B6C40004F9EC9 /* FirebaseInstallations */,
				9F2E4E7F286B6C40004F9EC9 /* FirebaseMLModelDownloader */,
				9F2E4E81286B6C40004F9EC9 /* FirebaseMessaging */,
				9F2E4E83286B6C40004F9EC9 /* FirebasePerformance */,
				9F2E4E85286B6C40004F9EC9 /* FirebaseRemoteConfig */,
				9F2E4E87286B6C40004F9EC9 /* FirebaseRemoteConfigSwift */,
				9F2E4E89286B6C40004F9EC9 /* FirebaseStorage */,
				9F2E4E8B286B6C40004F9EC9 /* FirebaseStorageCombine-Community */,
			);
			productName = EnquraCase;
			productReference = 9FE75E08286B61B600F34682 /* EnquraCase.app */;
			productType = "com.apple.product-type.application";
		};
		9FE75E20286B61B900F34682 /* EnquraCaseTests */ = {
			isa = PBXNativeTarget;
			buildConfigurationList = 9FE75E38286B61B900F34682 /* Build configuration list for PBXNativeTarget "EnquraCaseTests" */;
			buildPhases = (
				9FE75E1D286B61B900F34682 /* Sources */,
				9FE75E1E286B61B900F34682 /* Frameworks */,
				9FE75E1F286B61B900F34682 /* Resources */,
			);
			buildRules = (
			);
			dependencies = (
				9FE75E23286B61B900F34682 /* PBXTargetDependency */,
			);
			name = EnquraCaseTests;
			productName = EnquraCaseTests;
			productReference = 9FE75E21286B61B900F34682 /* EnquraCaseTests.xctest */;
			productType = "com.apple.product-type.bundle.unit-test";
		};
		9FE75E2A286B61B900F34682 /* EnquraCaseUITests */ = {
			isa = PBXNativeTarget;
			buildConfigurationList = 9FE75E3B286B61B900F34682 /* Build configuration list for PBXNativeTarget "EnquraCaseUITests" */;
			buildPhases = (
				9FE75E27286B61B900F34682 /* Sources */,
				9FE75E28286B61B900F34682 /* Frameworks */,
				9FE75E29286B61B900F34682 /* Resources */,
			);
			buildRules = (
			);
			dependencies = (
				9FE75E2D286B61B900F34682 /* PBXTargetDependency */,
			);
			name = EnquraCaseUITests;
			productName = EnquraCaseUITests;
			productReference = 9FE75E2B286B61B900F34682 /* EnquraCaseUITests.xctest */;
			productType = "com.apple.product-type.bundle.ui-testing";
		};
/* End PBXNativeTarget section */

/* Begin PBXProject section */
		9FE75E00286B61B600F34682 /* Project object */ = {
			isa = PBXProject;
			attributes = {
				BuildIndependentTargetsInParallel = 1;
				LastSwiftUpdateCheck = 1340;
				LastUpgradeCheck = 1340;
				TargetAttributes = {
					9FE75E07286B61B600F34682 = {
						CreatedOnToolsVersion = 13.4.1;
					};
					9FE75E20286B61B900F34682 = {
						CreatedOnToolsVersion = 13.4.1;
						TestTargetID = 9FE75E07286B61B600F34682;
					};
					9FE75E2A286B61B900F34682 = {
						CreatedOnToolsVersion = 13.4.1;
						TestTargetID = 9FE75E07286B61B600F34682;
					};
				};
			};
			buildConfigurationList = 9FE75E03286B61B600F34682 /* Build configuration list for PBXProject "EnquraCase" */;
			compatibilityVersion = "Xcode 13.0";
			developmentRegion = en;
			hasScannedForEncodings = 0;
			knownRegions = (
				en,
				Base,
			);
			mainGroup = 9FE75DFF286B61B600F34682;
			packageReferences = (
				9FE75E3E286B6A6F00F34682 /* XCRemoteSwiftPackageReference "Moya" */,
				9FE75E47286B6AD400F34682 /* XCRemoteSwiftPackageReference "RxSwift" */,
				9F2E4E56286B6C40004F9EC9 /* XCRemoteSwiftPackageReference "firebase-ios-sdk" */,
			);
			productRefGroup = 9FE75E09286B61B600F34682 /* Products */;
			projectDirPath = "";
			projectRoot = "";
			targets = (
				9FE75E07286B61B600F34682 /* EnquraCase */,
				9FE75E20286B61B900F34682 /* EnquraCaseTests */,
				9FE75E2A286B61B900F34682 /* EnquraCaseUITests */,
			);
		};
/* End PBXProject section */

/* Begin PBXResourcesBuildPhase section */
		9FE75E06286B61B600F34682 /* Resources */ = {
			isa = PBXResourcesBuildPhase;
			buildActionMask = 2147483647;
			files = (
				9FE75E1B286B61B900F34682 /* LaunchScreen.storyboard in Resources */,
				9FE75E18286B61B900F34682 /* Assets.xcassets in Resources */,
				9FE75E13286B61B600F34682 /* Main.storyboard in Resources */,
			);
			runOnlyForDeploymentPostprocessing = 0;
		};
		9FE75E1F286B61B900F34682 /* Resources */ = {
			isa = PBXResourcesBuildPhase;
			buildActionMask = 2147483647;
			files = (
			);
			runOnlyForDeploymentPostprocessing = 0;
		};
		9FE75E29286B61B900F34682 /* Resources */ = {
			isa = PBXResourcesBuildPhase;
			buildActionMask = 2147483647;
			files = (
			);
			runOnlyForDeploymentPostprocessing = 0;
		};
/* End PBXResourcesBuildPhase section */

/* Begin PBXSourcesBuildPhase section */
		9FE75E04286B61B600F34682 /* Sources */ = {
			isa = PBXSourcesBuildPhase;
			buildActionMask = 2147483647;
			files = (
				9FE75E10286B61B600F34682 /* ViewController.swift in Sources */,
				9FE75E0C286B61B600F34682 /* AppDelegate.swift in Sources */,
				9FE75E0E286B61B600F34682 /* SceneDelegate.swift in Sources */,
				9FE75E16286B61B600F34682 /* EnquraCase.xcdatamodeld in Sources */,
			);
			runOnlyForDeploymentPostprocessing = 0;
		};
		9FE75E1D286B61B900F34682 /* Sources */ = {
			isa = PBXSourcesBuildPhase;
			buildActionMask = 2147483647;
			files = (
				9FE75E26286B61B900F34682 /* EnquraCaseTests.swift in Sources */,
			);
			runOnlyForDeploymentPostprocessing = 0;
		};
		9FE75E27286B61B900F34682 /* Sources */ = {
			isa = PBXSourcesBuildPhase;
			buildActionMask = 2147483647;
			files = (
				9FE75E32286B61B900F34682 /* EnquraCaseUITestsLaunchTests.swift in Sources */,
				9FE75E30286B61B900F34682 /* EnquraCaseUITests.swift in Sources */,
			);
			runOnlyForDeploymentPostprocessing = 0;
		};
/* End PBXSourcesBuildPhase section */

/* Begin PBXTargetDependency section */
		9FE75E23286B61B900F34682 /* PBXTargetDependency */ = {
			isa = PBXTargetDependency;
			target = 9FE75E07286B61B600F34682 /* EnquraCase */;
			targetProxy = 9FE75E22286B61B900F34682 /* PBXContainerItemProxy */;
		};
		9FE75E2D286B61B900F34682 /* PBXTargetDependency */ = {
			isa = PBXTargetDependency;
			target = 9FE75E07286B61B600F34682 /* EnquraCase */;
			targetProxy = 9FE75E2C286B61B900F34682 /* PBXContainerItemProxy */;
		};
/* End PBXTargetDependency section */

/* Begin PBXVariantGroup section */
		9FE75E11286B61B600F34682 /* Main.storyboard */ = {
			isa = PBXVariantGroup;
			children = (
				9FE75E12286B61B600F34682 /* Base */,
			);
			name = Main.storyboard;
			sourceTree = "<group>";
		};
		9FE75E19286B61B900F34682 /* LaunchScreen.storyboard */ = {
			isa = PBXVariantGroup;
			children = (
				9FE75E1A286B61B900F34682 /* Base */,
			);
			name = LaunchScreen.storyboard;
			sourceTree = "<group>";
		};
/* End PBXVariantGroup section */

/* Begin XCBuildConfiguration section */
		9FE75E33286B61B900F34682 /* Debug */ = {
			isa = XCBuildConfiguration;
			buildSettings = {
				ALWAYS_SEARCH_USER_PATHS = NO;
				CLANG_ANALYZER_NONNULL = YES;
				CLANG_ANALYZER_NUMBER_OBJECT_CONVERSION = YES_AGGRESSIVE;
				CLANG_CXX_LANGUAGE_STANDARD = "gnu++17";
				CLANG_ENABLE_MODULES = YES;
				CLANG_ENABLE_OBJC_ARC = YES;
				CLANG_ENABLE_OBJC_WEAK = YES;
				CLANG_WARN_BLOCK_CAPTURE_AUTORELEASING = YES;
				CLANG_WARN_BOOL_CONVERSION = YES;
				CLANG_WARN_COMMA = YES;
				CLANG_WARN_CONSTANT_CONVERSION = YES;
				CLANG_WARN_DEPRECATED_OBJC_IMPLEMENTATIONS = YES;
				CLANG_WARN_DIRECT_OBJC_ISA_USAGE = YES_ERROR;
				CLANG_WARN_DOCUMENTATION_COMMENTS = YES;
				CLANG_WARN_EMPTY_BODY = YES;
				CLANG_WARN_ENUM_CONVERSION = YES;
				CLANG_WARN_INFINITE_RECURSION = YES;
				CLANG_WARN_INT_CONVERSION = YES;
				CLANG_WARN_NON_LITERAL_NULL_CONVERSION = YES;
				CLANG_WARN_OBJC_IMPLICIT_RETAIN_SELF = YES;
				CLANG_WARN_OBJC_LITERAL_CONVERSION = YES;
				CLANG_WARN_OBJC_ROOT_CLASS = YES_ERROR;
				CLANG_WARN_QUOTED_INCLUDE_IN_FRAMEWORK_HEADER = YES;
				CLANG_WARN_RANGE_LOOP_ANALYSIS = YES;
				CLANG_WARN_STRICT_PROTOTYPES = YES;
				CLANG_WARN_SUSPICIOUS_MOVE = YES;
				CLANG_WARN_UNGUARDED_AVAILABILITY = YES_AGGRESSIVE;
				CLANG_WARN_UNREACHABLE_CODE = YES;
				CLANG_WARN__DUPLICATE_METHOD_MATCH = YES;
				COPY_PHASE_STRIP = NO;
				DEBUG_INFORMATION_FORMAT = dwarf;
				ENABLE_STRICT_OBJC_MSGSEND = YES;
				ENABLE_TESTABILITY = YES;
				GCC_C_LANGUAGE_STANDARD = gnu11;
				GCC_DYNAMIC_NO_PIC = NO;
				GCC_NO_COMMON_BLOCKS = YES;
				GCC_OPTIMIZATION_LEVEL = 0;
				GCC_PREPROCESSOR_DEFINITIONS = (
					"DEBUG=1",
					"$(inherited)",
				);
				GCC_WARN_64_TO_32_BIT_CONVERSION = YES;
				GCC_WARN_ABOUT_RETURN_TYPE = YES_ERROR;
				GCC_WARN_UNDECLARED_SELECTOR = YES;
				GCC_WARN_UNINITIALIZED_AUTOS = YES_AGGRESSIVE;
				GCC_WARN_UNUSED_FUNCTION = YES;
				GCC_WARN_UNUSED_VARIABLE = YES;
				IPHONEOS_DEPLOYMENT_TARGET = 15.5;
				MTL_ENABLE_DEBUG_INFO = INCLUDE_SOURCE;
				MTL_FAST_MATH = YES;
				ONLY_ACTIVE_ARCH = YES;
				SDKROOT = iphoneos;
				SWIFT_ACTIVE_COMPILATION_CONDITIONS = DEBUG;
				SWIFT_OPTIMIZATION_LEVEL = "-Onone";
			};
			name = Debug;
		};
		9FE75E34286B61B900F34682 /* Release */ = {
			isa = XCBuildConfiguration;
			buildSettings = {
				ALWAYS_SEARCH_USER_PATHS = NO;
				CLANG_ANALYZER_NONNULL = YES;
				CLANG_ANALYZER_NUMBER_OBJECT_CONVERSION = YES_AGGRESSIVE;
				CLANG_CXX_LANGUAGE_STANDARD = "gnu++17";
				CLANG_ENABLE_MODULES = YES;
				CLANG_ENABLE_OBJC_ARC = YES;
				CLANG_ENABLE_OBJC_WEAK = YES;
				CLANG_WARN_BLOCK_CAPTURE_AUTORELEASING = YES;
				CLANG_WARN_BOOL_CONVERSION = YES;
				CLANG_WARN_COMMA = YES;
				CLANG_WARN_CONSTANT_CONVERSION = YES;
				CLANG_WARN_DEPRECATED_OBJC_IMPLEMENTATIONS = YES;
				CLANG_WARN_DIRECT_OBJC_ISA_USAGE = YES_ERROR;
				CLANG_WARN_DOCUMENTATION_COMMENTS = YES;
				CLANG_WARN_EMPTY_BODY = YES;
				CLANG_WARN_ENUM_CONVERSION = YES;
				CLANG_WARN_INFINITE_RECURSION = YES;
				CLANG_WARN_INT_CONVERSION = YES;
				CLANG_WARN_NON_LITERAL_NULL_CONVERSION = YES;
				CLANG_WARN_OBJC_IMPLICIT_RETAIN_SELF = YES;
				CLANG_WARN_OBJC_LITERAL_CONVERSION = YES;
				CLANG_WARN_OBJC_ROOT_CLASS = YES_ERROR;
				CLANG_WARN_QUOTED_INCLUDE_IN_FRAMEWORK_HEADER = YES;
				CLANG_WARN_RANGE_LOOP_ANALYSIS = YES;
				CLANG_WARN_STRICT_PROTOTYPES = YES;
				CLANG_WARN_SUSPICIOUS_MOVE = YES;
				CLANG_WARN_UNGUARDED_AVAILABILITY = YES_AGGRESSIVE;
				CLANG_WARN_UNREACHABLE_CODE = YES;
				CLANG_WARN__DUPLICATE_METHOD_MATCH = YES;
				COPY_PHASE_STRIP = NO;
				DEBUG_INFORMATION_FORMAT = "dwarf-with-dsym";
				ENABLE_NS_ASSERTIONS = NO;
				ENABLE_STRICT_OBJC_MSGSEND = YES;
				GCC_C_LANGUAGE_STANDARD = gnu11;
				GCC_NO_COMMON_BLOCKS = YES;
				GCC_WARN_64_TO_32_BIT_CONVERSION = YES;
				GCC_WARN_ABOUT_RETURN_TYPE = YES_ERROR;
				GCC_WARN_UNDECLARED_SELECTOR = YES;
				GCC_WARN_UNINITIALIZED_AUTOS = YES_AGGRESSIVE;
				GCC_WARN_UNUSED_FUNCTION = YES;
				GCC_WARN_UNUSED_VARIABLE = YES;
				IPHONEOS_DEPLOYMENT_TARGET = 15.5;
				MTL_ENABLE_DEBUG_INFO = NO;
				MTL_FAST_MATH = YES;
				SDKROOT = iphoneos;
				SWIFT_COMPILATION_MODE = wholemodule;
				SWIFT_OPTIMIZATION_LEVEL = "-O";
				VALIDATE_PRODUCT = YES;
			};
			name = Release;
		};
		9FE75E36286B61B900F34682 /* Debug */ = {
			isa = XCBuildConfiguration;
			buildSettings = {
				ASSETCATALOG_COMPILER_APPICON_NAME = AppIcon;
				ASSETCATALOG_COMPILER_GLOBAL_ACCENT_COLOR_NAME = AccentColor;
				CODE_SIGN_STYLE = Automatic;
				CURRENT_PROJECT_VERSION = 1;
				DEVELOPMENT_TEAM = 3RQG7N49WW;
				GENERATE_INFOPLIST_FILE = YES;
				INFOPLIST_FILE = EnquraCase/Info.plist;
				INFOPLIST_KEY_UIApplicationSupportsIndirectInputEvents = YES;
				INFOPLIST_KEY_UILaunchStoryboardName = LaunchScreen;
				INFOPLIST_KEY_UIMainStoryboardFile = Main;
				INFOPLIST_KEY_UISupportedInterfaceOrientations_iPad = "UIInterfaceOrientationPortrait UIInterfaceOrientationPortraitUpsideDown UIInterfaceOrientationLandscapeLeft UIInterfaceOrientationLandscapeRight";
				INFOPLIST_KEY_UISupportedInterfaceOrientations_iPhone = "UIInterfaceOrientationPortrait UIInterfaceOrientationLandscapeLeft UIInterfaceOrientationLandscapeRight";
				LD_RUNPATH_SEARCH_PATHS = (
					"$(inherited)",
					"@executable_path/Frameworks",
				);
				MARKETING_VERSION = 1.0;
				PRODUCT_BUNDLE_IDENTIFIER = com.EnquraCase;
				PRODUCT_NAME = "$(TARGET_NAME)";
				SWIFT_EMIT_LOC_STRINGS = YES;
				SWIFT_VERSION = 5.0;
				TARGETED_DEVICE_FAMILY = "1,2";
			};
			name = Debug;
		};
		9FE75E37286B61B900F34682 /* Release */ = {
			isa = XCBuildConfiguration;
			buildSettings = {
				ASSETCATALOG_COMPILER_APPICON_NAME = AppIcon;
				ASSETCATALOG_COMPILER_GLOBAL_ACCENT_COLOR_NAME = AccentColor;
				CODE_SIGN_STYLE = Automatic;
				CURRENT_PROJECT_VERSION = 1;
				DEVELOPMENT_TEAM = 3RQG7N49WW;
				GENERATE_INFOPLIST_FILE = YES;
				INFOPLIST_FILE = EnquraCase/Info.plist;
				INFOPLIST_KEY_UIApplicationSupportsIndirectInputEvents = YES;
				INFOPLIST_KEY_UILaunchStoryboardName = LaunchScreen;
				INFOPLIST_KEY_UIMainStoryboardFile = Main;
				INFOPLIST_KEY_UISupportedInterfaceOrientations_iPad = "UIInterfaceOrientationPortrait UIInterfaceOrientationPortraitUpsideDown UIInterfaceOrientationLandscapeLeft UIInterfaceOrientationLandscapeRight";
				INFOPLIST_KEY_UISupportedInterfaceOrientations_iPhone = "UIInterfaceOrientationPortrait UIInterfaceOrientationLandscapeLeft UIInterfaceOrientationLandscapeRight";
				LD_RUNPATH_SEARCH_PATHS = (
					"$(inherited)",
					"@executable_path/Frameworks",
				);
				MARKETING_VERSION = 1.0;
				PRODUCT_BUNDLE_IDENTIFIER = com.EnquraCase;
				PRODUCT_NAME = "$(TARGET_NAME)";
				SWIFT_EMIT_LOC_STRINGS = YES;
				SWIFT_VERSION = 5.0;
				TARGETED_DEVICE_FAMILY = "1,2";
			};
			name = Release;
		};
		9FE75E39286B61B900F34682 /* Debug */ = {
			isa = XCBuildConfiguration;
			buildSettings = {
				ALWAYS_EMBED_SWIFT_STANDARD_LIBRARIES = YES;
				BUNDLE_LOADER = "$(TEST_HOST)";
				CODE_SIGN_STYLE = Automatic;
				CURRENT_PROJECT_VERSION = 1;
				DEVELOPMENT_TEAM = 3RQG7N49WW;
				GENERATE_INFOPLIST_FILE = YES;
				IPHONEOS_DEPLOYMENT_TARGET = 15.5;
				MARKETING_VERSION = 1.0;
				PRODUCT_BUNDLE_IDENTIFIER = com.EnquraCaseTests;
				PRODUCT_NAME = "$(TARGET_NAME)";
				SWIFT_EMIT_LOC_STRINGS = NO;
				SWIFT_VERSION = 5.0;
				TARGETED_DEVICE_FAMILY = "1,2";
				TEST_HOST = "$(BUILT_PRODUCTS_DIR)/EnquraCase.app/EnquraCase";
			};
			name = Debug;
		};
		9FE75E3A286B61B900F34682 /* Release */ = {
			isa = XCBuildConfiguration;
			buildSettings = {
				ALWAYS_EMBED_SWIFT_STANDARD_LIBRARIES = YES;
				BUNDLE_LOADER = "$(TEST_HOST)";
				CODE_SIGN_STYLE = Automatic;
				CURRENT_PROJECT_VERSION = 1;
				DEVELOPMENT_TEAM = 3RQG7N49WW;
				GENERATE_INFOPLIST_FILE = YES;
				IPHONEOS_DEPLOYMENT_TARGET = 15.5;
				MARKETING_VERSION = 1.0;
				PRODUCT_BUNDLE_IDENTIFIER = com.EnquraCaseTests;
				PRODUCT_NAME = "$(TARGET_NAME)";
				SWIFT_EMIT_LOC_STRINGS = NO;
				SWIFT_VERSION = 5.0;
				TARGETED_DEVICE_FAMILY = "1,2";
				TEST_HOST = "$(BUILT_PRODUCTS_DIR)/EnquraCase.app/EnquraCase";
			};
			name = Release;
		};
		9FE75E3C286B61B900F34682 /* Debug */ = {
			isa = XCBuildConfiguration;
			buildSettings = {
				ALWAYS_EMBED_SWIFT_STANDARD_LIBRARIES = YES;
				CODE_SIGN_STYLE = Automatic;
				CURRENT_PROJECT_VERSION = 1;
				DEVELOPMENT_TEAM = 3RQG7N49WW;
				GENERATE_INFOPLIST_FILE = YES;
				MARKETING_VERSION = 1.0;
				PRODUCT_BUNDLE_IDENTIFIER = com.EnquraCaseUITests;
				PRODUCT_NAME = "$(TARGET_NAME)";
				SWIFT_EMIT_LOC_STRINGS = NO;
				SWIFT_VERSION = 5.0;
				TARGETED_DEVICE_FAMILY = "1,2";
				TEST_TARGET_NAME = EnquraCase;
			};
			name = Debug;
		};
		9FE75E3D286B61B900F34682 /* Release */ = {
			isa = XCBuildConfiguration;
			buildSettings = {
				ALWAYS_EMBED_SWIFT_STANDARD_LIBRARIES = YES;
				CODE_SIGN_STYLE = Automatic;
				CURRENT_PROJECT_VERSION = 1;
				DEVELOPMENT_TEAM = 3RQG7N49WW;
				GENERATE_INFOPLIST_FILE = YES;
				MARKETING_VERSION = 1.0;
				PRODUCT_BUNDLE_IDENTIFIER = com.EnquraCaseUITests;
				PRODUCT_NAME = "$(TARGET_NAME)";
				SWIFT_EMIT_LOC_STRINGS = NO;
				SWIFT_VERSION = 5.0;
				TARGETED_DEVICE_FAMILY = "1,2";
				TEST_TARGET_NAME = EnquraCase;
			};
			name = Release;
		};
/* End XCBuildConfiguration section */

/* Begin XCConfigurationList section */
		9FE75E03286B61B600F34682 /* Build configuration list for PBXProject "EnquraCase" */ = {
			isa = XCConfigurationList;
			buildConfigurations = (
				9FE75E33286B61B900F34682 /* Debug */,
				9FE75E34286B61B900F34682 /* Release */,
			);
			defaultConfigurationIsVisible = 0;
			defaultConfigurationName = Release;
		};
		9FE75E35286B61B900F34682 /* Build configuration list for PBXNativeTarget "EnquraCase" */ = {
			isa = XCConfigurationList;
			buildConfigurations = (
				9FE75E36286B61B900F34682 /* Debug */,
				9FE75E37286B61B900F34682 /* Release */,
			);
			defaultConfigurationIsVisible = 0;
			defaultConfigurationName = Release;
		};
		9FE75E38286B61B900F34682 /* Build configuration list for PBXNativeTarget "EnquraCaseTests" */ = {
			isa = XCConfigurationList;
			buildConfigurations = (
				9FE75E39286B61B900F34682 /* Debug */,
				9FE75E3A286B61B900F34682 /* Release */,
			);
			defaultConfigurationIsVisible = 0;
			defaultConfigurationName = Release;
		};
		9FE75E3B286B61B900F34682 /* Build configuration list for PBXNativeTarget "EnquraCaseUITests" */ = {
			isa = XCConfigurationList;
			buildConfigurations = (
				9FE75E3C286B61B900F34682 /* Debug */,
				9FE75E3D286B61B900F34682 /* Release */,
			);
			defaultConfigurationIsVisible = 0;
			defaultConfigurationName = Release;
		};
/* End XCConfigurationList section */

/* Begin XCRemoteSwiftPackageReference section */
		9F2E4E56286B6C40004F9EC9 /* XCRemoteSwiftPackageReference "firebase-ios-sdk" */ = {
			isa = XCRemoteSwiftPackageReference;
			repositoryURL = "https://github.com/firebase/firebase-ios-sdk";
			requirement = {
				branch = master;
				kind = branch;
			};
		};
		9FE75E3E286B6A6F00F34682 /* XCRemoteSwiftPackageReference "Moya" */ = {
			isa = XCRemoteSwiftPackageReference;
			repositoryURL = "https://github.com/Moya/Moya.git";
			requirement = {
				branch = master;
				kind = branch;
			};
		};
		9FE75E47286B6AD400F34682 /* XCRemoteSwiftPackageReference "RxSwift" */ = {
			isa = XCRemoteSwiftPackageReference;
			repositoryURL = "https://github.com/ReactiveX/RxSwift.git";
			requirement = {
				branch = main;
				kind = branch;
			};
		};
/* End XCRemoteSwiftPackageReference section */

/* Begin XCSwiftPackageProductDependency section */
		9F2E4E57286B6C40004F9EC9 /* FirebaseAnalytics */ = {
			isa = XCSwiftPackageProductDependency;
			package = 9F2E4E56286B6C40004F9EC9 /* XCRemoteSwiftPackageReference "firebase-ios-sdk" */;
			productName = FirebaseAnalytics;
		};
		9F2E4E59286B6C40004F9EC9 /* FirebaseAnalyticsOnDeviceConversion */ = {
			isa = XCSwiftPackageProductDependency;
			package = 9F2E4E56286B6C40004F9EC9 /* XCRemoteSwiftPackageReference "firebase-ios-sdk" */;
			productName = FirebaseAnalyticsOnDeviceConversion;
		};
		9F2E4E5B286B6C40004F9EC9 /* FirebaseAnalyticsSwift */ = {
			isa = XCSwiftPackageProductDependency;
			package = 9F2E4E56286B6C40004F9EC9 /* XCRemoteSwiftPackageReference "firebase-ios-sdk" */;
			productName = FirebaseAnalyticsSwift;
		};
		9F2E4E5D286B6C40004F9EC9 /* FirebaseAnalyticsWithoutAdIdSupport */ = {
			isa = XCSwiftPackageProductDependency;
			package = 9F2E4E56286B6C40004F9EC9 /* XCRemoteSwiftPackageReference "firebase-ios-sdk" */;
			productName = FirebaseAnalyticsWithoutAdIdSupport;
		};
		9F2E4E5F286B6C40004F9EC9 /* FirebaseAppCheck */ = {
			isa = XCSwiftPackageProductDependency;
			package = 9F2E4E56286B6C40004F9EC9 /* XCRemoteSwiftPackageReference "firebase-ios-sdk" */;
			productName = FirebaseAppCheck;
		};
		9F2E4E61286B6C40004F9EC9 /* FirebaseAppDistribution-Beta */ = {
			isa = XCSwiftPackageProductDependency;
			package = 9F2E4E56286B6C40004F9EC9 /* XCRemoteSwiftPackageReference "firebase-ios-sdk" */;
			productName = "FirebaseAppDistribution-Beta";
		};
		9F2E4E63286B6C40004F9EC9 /* FirebaseAuth */ = {
			isa = XCSwiftPackageProductDependency;
			package = 9F2E4E56286B6C40004F9EC9 /* XCRemoteSwiftPackageReference "firebase-ios-sdk" */;
			productName = FirebaseAuth;
		};
		9F2E4E65286B6C40004F9EC9 /* FirebaseAuthCombine-Community */ = {
			isa = XCSwiftPackageProductDependency;
			package = 9F2E4E56286B6C40004F9EC9 /* XCRemoteSwiftPackageReference "firebase-ios-sdk" */;
			productName = "FirebaseAuthCombine-Community";
		};
		9F2E4E67286B6C40004F9EC9 /* FirebaseCrashlytics */ = {
			isa = XCSwiftPackageProductDependency;
			package = 9F2E4E56286B6C40004F9EC9 /* XCRemoteSwiftPackageReference "firebase-ios-sdk" */;
			productName = FirebaseCrashlytics;
		};
		9F2E4E69286B6C40004F9EC9 /* FirebaseDatabase */ = {
			isa = XCSwiftPackageProductDependency;
			package = 9F2E4E56286B6C40004F9EC9 /* XCRemoteSwiftPackageReference "firebase-ios-sdk" */;
			productName = FirebaseDatabase;
		};
		9F2E4E6B286B6C40004F9EC9 /* FirebaseDatabaseSwift */ = {
			isa = XCSwiftPackageProductDependency;
			package = 9F2E4E56286B6C40004F9EC9 /* XCRemoteSwiftPackageReference "firebase-ios-sdk" */;
			productName = FirebaseDatabaseSwift;
		};
		9F2E4E6D286B6C40004F9EC9 /* FirebaseDynamicLinks */ = {
			isa = XCSwiftPackageProductDependency;
			package = 9F2E4E56286B6C40004F9EC9 /* XCRemoteSwiftPackageReference "firebase-ios-sdk" */;
			productName = FirebaseDynamicLinks;
		};
		9F2E4E6F286B6C40004F9EC9 /* FirebaseFirestore */ = {
			isa = XCSwiftPackageProductDependency;
			package = 9F2E4E56286B6C40004F9EC9 /* XCRemoteSwiftPackageReference "firebase-ios-sdk" */;
			productName = FirebaseFirestore;
		};
		9F2E4E71286B6C40004F9EC9 /* FirebaseFirestoreCombine-Community */ = {
			isa = XCSwiftPackageProductDependency;
			package = 9F2E4E56286B6C40004F9EC9 /* XCRemoteSwiftPackageReference "firebase-ios-sdk" */;
			productName = "FirebaseFirestoreCombine-Community";
		};
		9F2E4E73286B6C40004F9EC9 /* FirebaseFirestoreSwift */ = {
			isa = XCSwiftPackageProductDependency;
			package = 9F2E4E56286B6C40004F9EC9 /* XCRemoteSwiftPackageReference "firebase-ios-sdk" */;
			productName = FirebaseFirestoreSwift;
		};
		9F2E4E75286B6C40004F9EC9 /* FirebaseFunctions */ = {
			isa = XCSwiftPackageProductDependency;
			package = 9F2E4E56286B6C40004F9EC9 /* XCRemoteSwiftPackageReference "firebase-ios-sdk" */;
			productName = FirebaseFunctions;
		};
		9F2E4E77286B6C40004F9EC9 /* FirebaseFunctionsCombine-Community */ = {
			isa = XCSwiftPackageProductDependency;
			package = 9F2E4E56286B6C40004F9EC9 /* XCRemoteSwiftPackageReference "firebase-ios-sdk" */;
			productName = "FirebaseFunctionsCombine-Community";
		};
		9F2E4E79286B6C40004F9EC9 /* FirebaseInAppMessaging-Beta */ = {
			isa = XCSwiftPackageProductDependency;
			package = 9F2E4E56286B6C40004F9EC9 /* XCRemoteSwiftPackageReference "firebase-ios-sdk" */;
			productName = "FirebaseInAppMessaging-Beta";
		};
		9F2E4E7B286B6C40004F9EC9 /* FirebaseInAppMessagingSwift-Beta */ = {
			isa = XCSwiftPackageProductDependency;
			package = 9F2E4E56286B6C40004F9EC9 /* XCRemoteSwiftPackageReference "firebase-ios-sdk" */;
			productName = "FirebaseInAppMessagingSwift-Beta";
		};
		9F2E4E7D286B6C40004F9EC9 /* FirebaseInstallations */ = {
			isa = XCSwiftPackageProductDependency;
			package = 9F2E4E56286B6C40004F9EC9 /* XCRemoteSwiftPackageReference "firebase-ios-sdk" */;
			productName = FirebaseInstallations;
		};
		9F2E4E7F286B6C40004F9EC9 /* FirebaseMLModelDownloader */ = {
			isa = XCSwiftPackageProductDependency;
			package = 9F2E4E56286B6C40004F9EC9 /* XCRemoteSwiftPackageReference "firebase-ios-sdk" */;
			productName = FirebaseMLModelDownloader;
		};
		9F2E4E81286B6C40004F9EC9 /* FirebaseMessaging */ = {
			isa = XCSwiftPackageProductDependency;
			package = 9F2E4E56286B6C40004F9EC9 /* XCRemoteSwiftPackageReference "firebase-ios-sdk" */;
			productName = FirebaseMessaging;
		};
		9F2E4E83286B6C40004F9EC9 /* FirebasePerformance */ = {
			isa = XCSwiftPackageProductDependency;
			package = 9F2E4E56286B6C40004F9EC9 /* XCRemoteSwiftPackageReference "firebase-ios-sdk" */;
			productName = FirebasePerformance;
		};
		9F2E4E85286B6C40004F9EC9 /* FirebaseRemoteConfig */ = {
			isa = XCSwiftPackageProductDependency;
			package = 9F2E4E56286B6C40004F9EC9 /* XCRemoteSwiftPackageReference "firebase-ios-sdk" */;
			productName = FirebaseRemoteConfig;
		};
		9F2E4E87286B6C40004F9EC9 /* FirebaseRemoteConfigSwift */ = {
			isa = XCSwiftPackageProductDependency;
			package = 9F2E4E56286B6C40004F9EC9 /* XCRemoteSwiftPackageReference "firebase-ios-sdk" */;
			productName = FirebaseRemoteConfigSwift;
		};
		9F2E4E89286B6C40004F9EC9 /* FirebaseStorage */ = {
			isa = XCSwiftPackageProductDependency;
			package = 9F2E4E56286B6C40004F9EC9 /* XCRemoteSwiftPackageReference "firebase-ios-sdk" */;
			productName = FirebaseStorage;
		};
		9F2E4E8B286B6C40004F9EC9 /* FirebaseStorageCombine-Community */ = {
			isa = XCSwiftPackageProductDependency;
			package = 9F2E4E56286B6C40004F9EC9 /* XCRemoteSwiftPackageReference "firebase-ios-sdk" */;
			productName = "FirebaseStorageCombine-Community";
		};
		9FE75E3F286B6A6F00F34682 /* CombineMoya */ = {
			isa = XCSwiftPackageProductDependency;
			package = 9FE75E3E286B6A6F00F34682 /* XCRemoteSwiftPackageReference "Moya" */;
			productName = CombineMoya;
		};
		9FE75E41286B6A6F00F34682 /* Moya */ = {
			isa = XCSwiftPackageProductDependency;
			package = 9FE75E3E286B6A6F00F34682 /* XCRemoteSwiftPackageReference "Moya" */;
			productName = Moya;
		};
		9FE75E43286B6A6F00F34682 /* ReactiveMoya */ = {
			isa = XCSwiftPackageProductDependency;
			package = 9FE75E3E286B6A6F00F34682 /* XCRemoteSwiftPackageReference "Moya" */;
			productName = ReactiveMoya;
		};
		9FE75E45286B6A6F00F34682 /* RxMoya */ = {
			isa = XCSwiftPackageProductDependency;
			package = 9FE75E3E286B6A6F00F34682 /* XCRemoteSwiftPackageReference "Moya" */;
			productName = RxMoya;
		};
		9FE75E48286B6AD400F34682 /* RxCocoa */ = {
			isa = XCSwiftPackageProductDependency;
			package = 9FE75E47286B6AD400F34682 /* XCRemoteSwiftPackageReference "RxSwift" */;
			productName = RxCocoa;
		};
		9FE75E4A286B6AD400F34682 /* RxRelay */ = {
			isa = XCSwiftPackageProductDependency;
			package = 9FE75E47286B6AD400F34682 /* XCRemoteSwiftPackageReference "RxSwift" */;
			productName = RxRelay;
		};
		9FE75E4C286B6AD400F34682 /* RxSwift */ = {
			isa = XCSwiftPackageProductDependency;
			package = 9FE75E47286B6AD400F34682 /* XCRemoteSwiftPackageReference "RxSwift" */;
			productName = RxSwift;
		};
/* End XCSwiftPackageProductDependency section */

/* Begin XCVersionGroup section */
		9FE75E14286B61B600F34682 /* EnquraCase.xcdatamodeld */ = {
			isa = XCVersionGroup;
			children = (
				9FE75E15286B61B600F34682 /* EnquraCase.xcdatamodel */,
			);
			currentVersion = 9FE75E15286B61B600F34682 /* EnquraCase.xcdatamodel */;
			path = EnquraCase.xcdatamodeld;
			sourceTree = "<group>";
			versionGroupType = wrapper.xcdatamodel;
		};
/* End XCVersionGroup section */
	};
	rootObject = 9FE75E00286B61B600F34682 /* Project object */;
}
